
Microsoft Visual Studio Solution File, Format Version 12.00
# Visual Studio 15
VisualStudioVersion = 15.0.28010.2046
MinimumVisualStudioVersion = 10.0.40219.1
Project("{9A19103F-16F7-4668-BE54-9A1E7A4F7556}") = "SpecFlowTrial", "SpecFlowTrial\SpecFlowTrial.csproj", "{AEBD4A94-F7A3-4BA9-B78A-DB7C1033A482}"
EndProject
Project("{FAE04EC0-301F-11D3-BF4B-00C04F79EFBC}") = "Calc", "Calc\Calc.csproj", "{FC141455-8E7F-420C-B832-998E0101024E}"
EndProject
Global
	GlobalSection(SolutionConfigurationPlatforms) = preSolution
		Debug|Any CPU = Debug|Any CPU
		Release|Any CPU = Release|Any CPU
	EndGlobalSection
	GlobalSection(ProjectConfigurationPlatforms) = postSolution
		{AEBD4A94-F7A3-4BA9-B78A-DB7C1033A482}.Debug|Any CPU.ActiveCfg = Debug|Any CPU
		{AEBD4A94-F7A3-4BA9-B78A-DB7C1033A482}.Debug|Any CPU.Build.0 = Debug|Any CPU
		{AEBD4A94-F7A3-4BA9-B78A-DB7C1033A482}.Release|Any CPU.ActiveCfg = Release|Any CPU
		{AEBD4A94-F7A3-4BA9-B78A-DB7C1033A482}.Release|Any CPU.Build.0 = Release|Any CPU
		{FC141455-8E7F-420C-B832-998E0101024E}.Debug|Any CPU.ActiveCfg = Debug|Any CPU
		{FC141455-8E7F-420C-B832-998E0101024E}.Debug|Any CPU.Build.0 = Debug|Any CPU
		{FC141455-8E7F-420C-B832-998E0101024E}.Release|Any CPU.ActiveCfg = Release|Any CPU
		{FC141455-8E7F-420C-B832-998E0101024E}.Release|Any CPU.Build.0 = Release|Any CPU
	EndGlobalSection
	GlobalSection(SolutionProperties) = preSolution
		HideSolutionNode = FALSE
	EndGlobalSection
	GlobalSection(ExtensibilityGlobals) = postSolution
		SolutionGuid = {67683F91-E9DF-4336-B4CA-0831B9C28544}
	EndGlobalSection
EndGlobal
